// !$*UTF8*$!
{
	archiveVersion = 1;
	classes = {
	};
	objectVersion = 46;
	objects = {

/* Begin PBXBuildFile section */
		2D023F0C1A64112600E4215B /* LJHReweetStatusView.m in Sources */ = {isa = PBXBuildFile; fileRef = 2D023F0B1A64112600E4215B /* LJHReweetStatusView.m */; };
		2D023F0F1A64159800E4215B /* LJHStatusTopView.m in Sources */ = {isa = PBXBuildFile; fileRef = 2D023F0E1A64159800E4215B /* LJHStatusTopView.m */; };
		2D023F121A641CCA00E4215B /* LJHPhoto.m in Sources */ = {isa = PBXBuildFile; fileRef = 2D023F111A641CCA00E4215B /* LJHPhoto.m */; };
		2D0C87441A61188A00725FC9 /* LJHStatusCell.m in Sources */ = {isa = PBXBuildFile; fileRef = 2D0C87431A61188A00725FC9 /* LJHStatusCell.m */; };
		2D0EEE741A60E7DB00D2680D /* LJHStatus.m in Sources */ = {isa = PBXBuildFile; fileRef = 2D0EEE731A60E7DB00D2680D /* LJHStatus.m */; };
		2D0EEE771A60E7E400D2680D /* LJHUser.m in Sources */ = {isa = PBXBuildFile; fileRef = 2D0EEE761A60E7E400D2680D /* LJHUser.m */; };
		2D0EEE8D1A60E81800D2680D /* MJArgument.m in Sources */ = {isa = PBXBuildFile; fileRef = 2D0EEE7B1A60E81800D2680D /* MJArgument.m */; };
		2D0EEE8E1A60E81800D2680D /* MJIvar.m in Sources */ = {isa = PBXBuildFile; fileRef = 2D0EEE7E1A60E81800D2680D /* MJIvar.m */; };
		2D0EEE8F1A60E81800D2680D /* MJMember.m in Sources */ = {isa = PBXBuildFile; fileRef = 2D0EEE801A60E81800D2680D /* MJMember.m */; };
		2D0EEE901A60E81800D2680D /* MJMethod.m in Sources */ = {isa = PBXBuildFile; fileRef = 2D0EEE821A60E81800D2680D /* MJMethod.m */; };
		2D0EEE911A60E81800D2680D /* MJType.m in Sources */ = {isa = PBXBuildFile; fileRef = 2D0EEE841A60E81800D2680D /* MJType.m */; };
		2D0EEE921A60E81800D2680D /* MJTypeEncoding.m in Sources */ = {isa = PBXBuildFile; fileRef = 2D0EEE861A60E81800D2680D /* MJTypeEncoding.m */; };
		2D0EEE931A60E81800D2680D /* NSObject+MJCoding.m in Sources */ = {isa = PBXBuildFile; fileRef = 2D0EEE881A60E81800D2680D /* NSObject+MJCoding.m */; };
		2D0EEE941A60E81800D2680D /* NSObject+MJKeyValue.m in Sources */ = {isa = PBXBuildFile; fileRef = 2D0EEE8A1A60E81800D2680D /* NSObject+MJKeyValue.m */; };
		2D0EEE951A60E81800D2680D /* NSObject+MJMember.m in Sources */ = {isa = PBXBuildFile; fileRef = 2D0EEE8C1A60E81800D2680D /* NSObject+MJMember.m */; };
		2D28C33D1A67AD8C0038587F /* LJHPhotoView.m in Sources */ = {isa = PBXBuildFile; fileRef = 2D28C33C1A67AD8C0038587F /* LJHPhotoView.m */; };
		2D28C3401A67ADBE0038587F /* LJHPhotosView.m in Sources */ = {isa = PBXBuildFile; fileRef = 2D28C33F1A67ADBE0038587F /* LJHPhotosView.m */; };
		2D28C3511A67B55D0038587F /* MJPhoto.m in Sources */ = {isa = PBXBuildFile; fileRef = 2D28C3431A67B55D0038587F /* MJPhoto.m */; };
		2D28C3521A67B55D0038587F /* MJPhotoBrowser.bundle in Resources */ = {isa = PBXBuildFile; fileRef = 2D28C3441A67B55D0038587F /* MJPhotoBrowser.bundle */; };
		2D28C3531A67B55D0038587F /* MJPhotoBrowser.m in Sources */ = {isa = PBXBuildFile; fileRef = 2D28C3461A67B55D0038587F /* MJPhotoBrowser.m */; };
		2D28C3541A67B55D0038587F /* MJPhotoLoadingView.m in Sources */ = {isa = PBXBuildFile; fileRef = 2D28C3481A67B55D0038587F /* MJPhotoLoadingView.m */; };
		2D28C3551A67B55D0038587F /* MJPhotoProgressView.m in Sources */ = {isa = PBXBuildFile; fileRef = 2D28C34A1A67B55D0038587F /* MJPhotoProgressView.m */; };
		2D28C3561A67B55D0038587F /* MJPhotoToolbar.m in Sources */ = {isa = PBXBuildFile; fileRef = 2D28C34C1A67B55D0038587F /* MJPhotoToolbar.m */; };
		2D28C3571A67B55D0038587F /* MJPhotoView.m in Sources */ = {isa = PBXBuildFile; fileRef = 2D28C34E1A67B55D0038587F /* MJPhotoView.m */; };
		2D28C3581A67B55D0038587F /* SDWebImageManager+MJ.m in Sources */ = {isa = PBXBuildFile; fileRef = 2D28C3501A67B55D0038587F /* SDWebImageManager+MJ.m */; };
		2D4F66DD1A6004FB00A3D805 /* LJHHomeViewController.m in Sources */ = {isa = PBXBuildFile; fileRef = 2D4F66DC1A6004FB00A3D805 /* LJHHomeViewController.m */; };
		2D4F66E01A60051300A3D805 /* LJHMessageViewController.m in Sources */ = {isa = PBXBuildFile; fileRef = 2D4F66DF1A60051300A3D805 /* LJHMessageViewController.m */; };
		2D4F66E31A60052600A3D805 /* LJHDiscoverController.m in Sources */ = {isa = PBXBuildFile; fileRef = 2D4F66E21A60052600A3D805 /* LJHDiscoverController.m */; };
		2D4F66E61A60053600A3D805 /* LJHMeViewController.m in Sources */ = {isa = PBXBuildFile; fileRef = 2D4F66E51A60053600A3D805 /* LJHMeViewController.m */; };
		2D4F66E91A600F5200A3D805 /* UIImage+LJH.m in Sources */ = {isa = PBXBuildFile; fileRef = 2D4F66E81A600F5200A3D805 /* UIImage+LJH.m */; };
		2D4F66EC1A6011DD00A3D805 /* LJHTabBar.m in Sources */ = {isa = PBXBuildFile; fileRef = 2D4F66EB1A6011DD00A3D805 /* LJHTabBar.m */; };
		2D4F66EF1A60176100A3D805 /* LJHTabBarButton.m in Sources */ = {isa = PBXBuildFile; fileRef = 2D4F66EE1A60176100A3D805 /* LJHTabBarButton.m */; };
		2D4F66F21A601E9E00A3D805 /* LJHBadgeButton.m in Sources */ = {isa = PBXBuildFile; fileRef = 2D4F66F11A601E9E00A3D805 /* LJHBadgeButton.m */; };
		2D4F66F51A60392B00A3D805 /* TextSizeTool.m in Sources */ = {isa = PBXBuildFile; fileRef = 2D4F66F41A60392B00A3D805 /* TextSizeTool.m */; };
		2D4F66F91A603DBE00A3D805 /* LJHNavigationController.m in Sources */ = {isa = PBXBuildFile; fileRef = 2D4F66F81A603DBE00A3D805 /* LJHNavigationController.m */; };
		2D4F66FD1A60457300A3D805 /* UIBarButtonItem+LJH.m in Sources */ = {isa = PBXBuildFile; fileRef = 2D4F66FC1A60457300A3D805 /* UIBarButtonItem+LJH.m */; };
		2D4F67001A60466A00A3D805 /* LJHTitleButton.m in Sources */ = {isa = PBXBuildFile; fileRef = 2D4F66FF1A60466A00A3D805 /* LJHTitleButton.m */; };
		2D4F67031A604A1C00A3D805 /* LJHSearchBar.m in Sources */ = {isa = PBXBuildFile; fileRef = 2D4F67021A604A1C00A3D805 /* LJHSearchBar.m */; };
		2D4F67061A604D7900A3D805 /* LJHOAuthViewController.m in Sources */ = {isa = PBXBuildFile; fileRef = 2D4F67051A604D7900A3D805 /* LJHOAuthViewController.m */; };
		2D4F67091A604D8700A3D805 /* LJHAccount.m in Sources */ = {isa = PBXBuildFile; fileRef = 2D4F67081A604D8700A3D805 /* LJHAccount.m */; };
		2D4F670D1A604DA400A3D805 /* LJHAccountTool.m in Sources */ = {isa = PBXBuildFile; fileRef = 2D4F670C1A604DA400A3D805 /* LJHAccountTool.m */; };
		2D4F67101A604DAF00A3D805 /* LJHWeiboTool.m in Sources */ = {isa = PBXBuildFile; fileRef = 2D4F670F1A604DAF00A3D805 /* LJHWeiboTool.m */; };
		2D4F67131A604E4A00A3D805 /* LJHNewFeatureController.m in Sources */ = {isa = PBXBuildFile; fileRef = 2D4F67121A604E4A00A3D805 /* LJHNewFeatureController.m */; };
		2D56426A1A6CB2FB00DC13B9 /* LJHComposeToolBar.m in Sources */ = {isa = PBXBuildFile; fileRef = 2D5642691A6CB2FB00DC13B9 /* LJHComposeToolBar.m */; };
		2D9D32001A62B1E700CCA7D5 /* NSDate+LJH.m in Sources */ = {isa = PBXBuildFile; fileRef = 2D9D31FF1A62B1E700CCA7D5 /* NSDate+LJH.m */; };
		2D9D32031A62BCCF00CCA7D5 /* LJHStatusToolBar.m in Sources */ = {isa = PBXBuildFile; fileRef = 2D9D32021A62BCCF00CCA7D5 /* LJHStatusToolBar.m */; };
		2DD6AA881A6271D5001FF559 /* LJHStatusFrame.m in Sources */ = {isa = PBXBuildFile; fileRef = 2DD6AA871A6271D5001FF559 /* LJHStatusFrame.m */; };
		2DE550681A5FF83C00DBCB15 /* Foundation.framework in Frameworks */ = {isa = PBXBuildFile; fileRef = 2DE550671A5FF83C00DBCB15 /* Foundation.framework */; };
		2DE5506A1A5FF83C00DBCB15 /* CoreGraphics.framework in Frameworks */ = {isa = PBXBuildFile; fileRef = 2DE550691A5FF83C00DBCB15 /* CoreGraphics.framework */; };
		2DE5506C1A5FF83C00DBCB15 /* UIKit.framework in Frameworks */ = {isa = PBXBuildFile; fileRef = 2DE5506B1A5FF83C00DBCB15 /* UIKit.framework */; };
		2DE550721A5FF83C00DBCB15 /* InfoPlist.strings in Resources */ = {isa = PBXBuildFile; fileRef = 2DE550701A5FF83C00DBCB15 /* InfoPlist.strings */; };
		2DE5507A1A5FF83C00DBCB15 /* Images.xcassets in Resources */ = {isa = PBXBuildFile; fileRef = 2DE550791A5FF83C00DBCB15 /* Images.xcassets */; };
		2DE550811A5FF83C00DBCB15 /* XCTest.framework in Frameworks */ = {isa = PBXBuildFile; fileRef = 2DE550801A5FF83C00DBCB15 /* XCTest.framework */; };
		2DE550821A5FF83C00DBCB15 /* Foundation.framework in Frameworks */ = {isa = PBXBuildFile; fileRef = 2DE550671A5FF83C00DBCB15 /* Foundation.framework */; };
		2DE550831A5FF83C00DBCB15 /* UIKit.framework in Frameworks */ = {isa = PBXBuildFile; fileRef = 2DE5506B1A5FF83C00DBCB15 /* UIKit.framework */; };
		2DE5508B1A5FF83C00DBCB15 /* InfoPlist.strings in Resources */ = {isa = PBXBuildFile; fileRef = 2DE550891A5FF83C00DBCB15 /* InfoPlist.strings */; };
		2DE5508D1A5FF83C00DBCB15 /* LJHWeiboTests.m in Sources */ = {isa = PBXBuildFile; fileRef = 2DE5508C1A5FF83C00DBCB15 /* LJHWeiboTests.m */; };
		2DE550B91A5FFA2100DBCB15 /* LJHAppDelegate.m in Sources */ = {isa = PBXBuildFile; fileRef = 2DE550B61A5FFA2100DBCB15 /* LJHAppDelegate.m */; };
		2DE550BA1A5FFA2100DBCB15 /* main.m in Sources */ = {isa = PBXBuildFile; fileRef = 2DE550B81A5FFA2100DBCB15 /* main.m */; };
		2DE550BD1A60041400DBCB15 /* LJHTabBarController.m in Sources */ = {isa = PBXBuildFile; fileRef = 2DE550BC1A60041400DBCB15 /* LJHTabBarController.m */; };
		2DFBC5961A6A540E0057943D /* MJRefresh.bundle in Resources */ = {isa = PBXBuildFile; fileRef = 2DFBC5861A6A540E0057943D /* MJRefresh.bundle */; };
		2DFBC5971A6A540E0057943D /* MJRefreshBaseView.m in Sources */ = {isa = PBXBuildFile; fileRef = 2DFBC5891A6A540E0057943D /* MJRefreshBaseView.m */; };
		2DFBC5981A6A540E0057943D /* MJRefreshConst.m in Sources */ = {isa = PBXBuildFile; fileRef = 2DFBC58B1A6A540E0057943D /* MJRefreshConst.m */; };
		2DFBC5991A6A540E0057943D /* MJRefreshFooterView.m in Sources */ = {isa = PBXBuildFile; fileRef = 2DFBC58D1A6A540E0057943D /* MJRefreshFooterView.m */; };
		2DFBC59A1A6A540E0057943D /* MJRefreshHeaderView.m in Sources */ = {isa = PBXBuildFile; fileRef = 2DFBC58F1A6A540E0057943D /* MJRefreshHeaderView.m */; };
		2DFBC59B1A6A540E0057943D /* UIScrollView+MJExtension.m in Sources */ = {isa = PBXBuildFile; fileRef = 2DFBC5911A6A540E0057943D /* UIScrollView+MJExtension.m */; };
		2DFBC59C1A6A540E0057943D /* UIScrollView+MJRefresh.m in Sources */ = {isa = PBXBuildFile; fileRef = 2DFBC5931A6A540E0057943D /* UIScrollView+MJRefresh.m */; };
		2DFBC59D1A6A540E0057943D /* UIView+MJExtension.m in Sources */ = {isa = PBXBuildFile; fileRef = 2DFBC5951A6A540E0057943D /* UIView+MJExtension.m */; };
		2DFBC5A51A6C04180057943D /* LJHComposeViewController.m in Sources */ = {isa = PBXBuildFile; fileRef = 2DFBC5A41A6C04180057943D /* LJHComposeViewController.m */; };
		2DFBC5A81A6C06A90057943D /* LJHTextView.m in Sources */ = {isa = PBXBuildFile; fileRef = 2DFBC5A71A6C06A90057943D /* LJHTextView.m */; };
		8757AB31F6A1BDA687F7667F /* libPods.a in Frameworks */ = {isa = PBXBuildFile; fileRef = 06231EAFF7773C619AC300E6 /* libPods.a */; };
/* End PBXBuildFile section */

/* Begin PBXContainerItemProxy section */
		2DE550841A5FF83C00DBCB15 /* PBXContainerItemProxy */ = {
			isa = PBXContainerItemProxy;
			containerPortal = 2DE5505C1A5FF83B00DBCB15 /* Project object */;
			proxyType = 1;
			remoteGlobalIDString = 2DE550631A5FF83B00DBCB15;
			remoteInfo = LJHWeibo;
		};
/* End PBXContainerItemProxy section */

/* Begin PBXFileReference section */
		06231EAFF7773C619AC300E6 /* libPods.a */ = {isa = PBXFileReference; explicitFileType = archive.ar; includeInIndex = 0; path = libPods.a; sourceTree = BUILT_PRODUCTS_DIR; };
		2D023F0A1A64112600E4215B /* LJHReweetStatusView.h */ = {isa = PBXFileReference; fileEncoding = 4; lastKnownFileType = sourcecode.c.h; path = LJHReweetStatusView.h; sourceTree = "<group>"; };
		2D023F0B1A64112600E4215B /* LJHReweetStatusView.m */ = {isa = PBXFileReference; fileEncoding = 4; lastKnownFileType = sourcecode.c.objc; path = LJHReweetStatusView.m; sourceTree = "<group>"; };
		2D023F0D1A64159800E4215B /* LJHStatusTopView.h */ = {isa = PBXFileReference; fileEncoding = 4; lastKnownFileType = sourcecode.c.h; path = LJHStatusTopView.h; sourceTree = "<group>"; };
		2D023F0E1A64159800E4215B /* LJHStatusTopView.m */ = {isa = PBXFileReference; fileEncoding = 4; lastKnownFileType = sourcecode.c.objc; path = LJHStatusTopView.m; sourceTree = "<group>"; };
		2D023F101A641CCA00E4215B /* LJHPhoto.h */ = {isa = PBXFileReference; fileEncoding = 4; lastKnownFileType = sourcecode.c.h; path = LJHPhoto.h; sourceTree = "<group>"; };
		2D023F111A641CCA00E4215B /* LJHPhoto.m */ = {isa = PBXFileReference; fileEncoding = 4; lastKnownFileType = sourcecode.c.objc; path = LJHPhoto.m; sourceTree = "<group>"; };
		2D0C87421A61188A00725FC9 /* LJHStatusCell.h */ = {isa = PBXFileReference; fileEncoding = 4; lastKnownFileType = sourcecode.c.h; path = LJHStatusCell.h; sourceTree = "<group>"; };
		2D0C87431A61188A00725FC9 /* LJHStatusCell.m */ = {isa = PBXFileReference; fileEncoding = 4; lastKnownFileType = sourcecode.c.objc; path = LJHStatusCell.m; sourceTree = "<group>"; };
		2D0EEE721A60E7DB00D2680D /* LJHStatus.h */ = {isa = PBXFileReference; fileEncoding = 4; lastKnownFileType = sourcecode.c.h; path = LJHStatus.h; sourceTree = "<group>"; };
		2D0EEE731A60E7DB00D2680D /* LJHStatus.m */ = {isa = PBXFileReference; fileEncoding = 4; lastKnownFileType = sourcecode.c.objc; path = LJHStatus.m; sourceTree = "<group>"; };
		2D0EEE751A60E7E400D2680D /* LJHUser.h */ = {isa = PBXFileReference; fileEncoding = 4; lastKnownFileType = sourcecode.c.h; path = LJHUser.h; sourceTree = "<group>"; };
		2D0EEE761A60E7E400D2680D /* LJHUser.m */ = {isa = PBXFileReference; fileEncoding = 4; lastKnownFileType = sourcecode.c.objc; path = LJHUser.m; sourceTree = "<group>"; };
		2D0EEE7A1A60E81800D2680D /* MJArgument.h */ = {isa = PBXFileReference; fileEncoding = 4; lastKnownFileType = sourcecode.c.h; path = MJArgument.h; sourceTree = "<group>"; };
		2D0EEE7B1A60E81800D2680D /* MJArgument.m */ = {isa = PBXFileReference; fileEncoding = 4; lastKnownFileType = sourcecode.c.objc; path = MJArgument.m; sourceTree = "<group>"; };
		2D0EEE7C1A60E81800D2680D /* MJExtension.h */ = {isa = PBXFileReference; fileEncoding = 4; lastKnownFileType = sourcecode.c.h; path = MJExtension.h; sourceTree = "<group>"; };
		2D0EEE7D1A60E81800D2680D /* MJIvar.h */ = {isa = PBXFileReference; fileEncoding = 4; lastKnownFileType = sourcecode.c.h; path = MJIvar.h; sourceTree = "<group>"; };
		2D0EEE7E1A60E81800D2680D /* MJIvar.m */ = {isa = PBXFileReference; fileEncoding = 4; lastKnownFileType = sourcecode.c.objc; path = MJIvar.m; sourceTree = "<group>"; };
		2D0EEE7F1A60E81800D2680D /* MJMember.h */ = {isa = PBXFileReference; fileEncoding = 4; lastKnownFileType = sourcecode.c.h; path = MJMember.h; sourceTree = "<group>"; };
		2D0EEE801A60E81800D2680D /* MJMember.m */ = {isa = PBXFileReference; fileEncoding = 4; lastKnownFileType = sourcecode.c.objc; path = MJMember.m; sourceTree = "<group>"; };
		2D0EEE811A60E81800D2680D /* MJMethod.h */ = {isa = PBXFileReference; fileEncoding = 4; lastKnownFileType = sourcecode.c.h; path = MJMethod.h; sourceTree = "<group>"; };
		2D0EEE821A60E81800D2680D /* MJMethod.m */ = {isa = PBXFileReference; fileEncoding = 4; lastKnownFileType = sourcecode.c.objc; path = MJMethod.m; sourceTree = "<group>"; };
		2D0EEE831A60E81800D2680D /* MJType.h */ = {isa = PBXFileReference; fileEncoding = 4; lastKnownFileType = sourcecode.c.h; path = MJType.h; sourceTree = "<group>"; };
		2D0EEE841A60E81800D2680D /* MJType.m */ = {isa = PBXFileReference; fileEncoding = 4; lastKnownFileType = sourcecode.c.objc; path = MJType.m; sourceTree = "<group>"; };
		2D0EEE851A60E81800D2680D /* MJTypeEncoding.h */ = {isa = PBXFileReference; fileEncoding = 4; lastKnownFileType = sourcecode.c.h; path = MJTypeEncoding.h; sourceTree = "<group>"; };
		2D0EEE861A60E81800D2680D /* MJTypeEncoding.m */ = {isa = PBXFileReference; fileEncoding = 4; lastKnownFileType = sourcecode.c.objc; path = MJTypeEncoding.m; sourceTree = "<group>"; };
		2D0EEE871A60E81800D2680D /* NSObject+MJCoding.h */ = {isa = PBXFileReference; fileEncoding = 4; lastKnownFileType = sourcecode.c.h; path = "NSObject+MJCoding.h"; sourceTree = "<group>"; };
		2D0EEE881A60E81800D2680D /* NSObject+MJCoding.m */ = {isa = PBXFileReference; fileEncoding = 4; lastKnownFileType = sourcecode.c.objc; path = "NSObject+MJCoding.m"; sourceTree = "<group>"; };
		2D0EEE891A60E81800D2680D /* NSObject+MJKeyValue.h */ = {isa = PBXFileReference; fileEncoding = 4; lastKnownFileType = sourcecode.c.h; path = "NSObject+MJKeyValue.h"; sourceTree = "<group>"; };
		2D0EEE8A1A60E81800D2680D /* NSObject+MJKeyValue.m */ = {isa = PBXFileReference; fileEncoding = 4; lastKnownFileType = sourcecode.c.objc; path = "NSObject+MJKeyValue.m"; sourceTree = "<group>"; };
		2D0EEE8B1A60E81800D2680D /* NSObject+MJMember.h */ = {isa = PBXFileReference; fileEncoding = 4; lastKnownFileType = sourcecode.c.h; path = "NSObject+MJMember.h"; sourceTree = "<group>"; };
		2D0EEE8C1A60E81800D2680D /* NSObject+MJMember.m */ = {isa = PBXFileReference; fileEncoding = 4; lastKnownFileType = sourcecode.c.objc; path = "NSObject+MJMember.m"; sourceTree = "<group>"; };
		2D28C33B1A67AD8C0038587F /* LJHPhotoView.h */ = {isa = PBXFileReference; fileEncoding = 4; lastKnownFileType = sourcecode.c.h; path = LJHPhotoView.h; sourceTree = "<group>"; };
		2D28C33C1A67AD8C0038587F /* LJHPhotoView.m */ = {isa = PBXFileReference; fileEncoding = 4; lastKnownFileType = sourcecode.c.objc; path = LJHPhotoView.m; sourceTree = "<group>"; };
		2D28C33E1A67ADBE0038587F /* LJHPhotosView.h */ = {isa = PBXFileReference; fileEncoding = 4; lastKnownFileType = sourcecode.c.h; path = LJHPhotosView.h; sourceTree = "<group>"; };
		2D28C33F1A67ADBE0038587F /* LJHPhotosView.m */ = {isa = PBXFileReference; fileEncoding = 4; lastKnownFileType = sourcecode.c.objc; path = LJHPhotosView.m; sourceTree = "<group>"; };
		2D28C3421A67B55D0038587F /* MJPhoto.h */ = {isa = PBXFileReference; fileEncoding = 4; lastKnownFileType = sourcecode.c.h; path = MJPhoto.h; sourceTree = "<group>"; };
		2D28C3431A67B55D0038587F /* MJPhoto.m */ = {isa = PBXFileReference; fileEncoding = 4; lastKnownFileType = sourcecode.c.objc; path = MJPhoto.m; sourceTree = "<group>"; };
		2D28C3441A67B55D0038587F /* MJPhotoBrowser.bundle */ = {isa = PBXFileReference; lastKnownFileType = "wrapper.plug-in"; path = MJPhotoBrowser.bundle; sourceTree = "<group>"; };
		2D28C3451A67B55D0038587F /* MJPhotoBrowser.h */ = {isa = PBXFileReference; fileEncoding = 4; lastKnownFileType = sourcecode.c.h; path = MJPhotoBrowser.h; sourceTree = "<group>"; };
		2D28C3461A67B55D0038587F /* MJPhotoBrowser.m */ = {isa = PBXFileReference; fileEncoding = 4; lastKnownFileType = sourcecode.c.objc; path = MJPhotoBrowser.m; sourceTree = "<group>"; };
		2D28C3471A67B55D0038587F /* MJPhotoLoadingView.h */ = {isa = PBXFileReference; fileEncoding = 4; lastKnownFileType = sourcecode.c.h; path = MJPhotoLoadingView.h; sourceTree = "<group>"; };
		2D28C3481A67B55D0038587F /* MJPhotoLoadingView.m */ = {isa = PBXFileReference; fileEncoding = 4; lastKnownFileType = sourcecode.c.objc; path = MJPhotoLoadingView.m; sourceTree = "<group>"; };
		2D28C3491A67B55D0038587F /* MJPhotoProgressView.h */ = {isa = PBXFileReference; fileEncoding = 4; lastKnownFileType = sourcecode.c.h; path = MJPhotoProgressView.h; sourceTree = "<group>"; };
		2D28C34A1A67B55D0038587F /* MJPhotoProgressView.m */ = {isa = PBXFileReference; fileEncoding = 4; lastKnownFileType = sourcecode.c.objc; path = MJPhotoProgressView.m; sourceTree = "<group>"; };
		2D28C34B1A67B55D0038587F /* MJPhotoToolbar.h */ = {isa = PBXFileReference; fileEncoding = 4; lastKnownFileType = sourcecode.c.h; path = MJPhotoToolbar.h; sourceTree = "<group>"; };
		2D28C34C1A67B55D0038587F /* MJPhotoToolbar.m */ = {isa = PBXFileReference; fileEncoding = 4; lastKnownFileType = sourcecode.c.objc; path = MJPhotoToolbar.m; sourceTree = "<group>"; };
		2D28C34D1A67B55D0038587F /* MJPhotoView.h */ = {isa = PBXFileReference; fileEncoding = 4; lastKnownFileType = sourcecode.c.h; path = MJPhotoView.h; sourceTree = "<group>"; };
		2D28C34E1A67B55D0038587F /* MJPhotoView.m */ = {isa = PBXFileReference; fileEncoding = 4; lastKnownFileType = sourcecode.c.objc; path = MJPhotoView.m; sourceTree = "<group>"; };
		2D28C34F1A67B55D0038587F /* SDWebImageManager+MJ.h */ = {isa = PBXFileReference; fileEncoding = 4; lastKnownFileType = sourcecode.c.h; path = "SDWebImageManager+MJ.h"; sourceTree = "<group>"; };
		2D28C3501A67B55D0038587F /* SDWebImageManager+MJ.m */ = {isa = PBXFileReference; fileEncoding = 4; lastKnownFileType = sourcecode.c.objc; path = "SDWebImageManager+MJ.m"; sourceTree = "<group>"; };
		2D4F66DB1A6004FB00A3D805 /* LJHHomeViewController.h */ = {isa = PBXFileReference; fileEncoding = 4; lastKnownFileType = sourcecode.c.h; path = LJHHomeViewController.h; sourceTree = "<group>"; };
		2D4F66DC1A6004FB00A3D805 /* LJHHomeViewController.m */ = {isa = PBXFileReference; fileEncoding = 4; lastKnownFileType = sourcecode.c.objc; path = LJHHomeViewController.m; sourceTree = "<group>"; };
		2D4F66DE1A60051300A3D805 /* LJHMessageViewController.h */ = {isa = PBXFileReference; fileEncoding = 4; lastKnownFileType = sourcecode.c.h; path = LJHMessageViewController.h; sourceTree = "<group>"; };
		2D4F66DF1A60051300A3D805 /* LJHMessageViewController.m */ = {isa = PBXFileReference; fileEncoding = 4; lastKnownFileType = sourcecode.c.objc; path = LJHMessageViewController.m; sourceTree = "<group>"; };
		2D4F66E11A60052600A3D805 /* LJHDiscoverController.h */ = {isa = PBXFileReference; fileEncoding = 4; lastKnownFileType = sourcecode.c.h; path = LJHDiscoverController.h; sourceTree = "<group>"; };
		2D4F66E21A60052600A3D805 /* LJHDiscoverController.m */ = {isa = PBXFileReference; fileEncoding = 4; lastKnownFileType = sourcecode.c.objc; path = LJHDiscoverController.m; sourceTree = "<group>"; };
		2D4F66E41A60053600A3D805 /* LJHMeViewController.h */ = {isa = PBXFileReference; fileEncoding = 4; lastKnownFileType = sourcecode.c.h; name = LJHMeViewController.h; path = ../LJHMeViewController.h; sourceTree = "<group>"; };
		2D4F66E51A60053600A3D805 /* LJHMeViewController.m */ = {isa = PBXFileReference; fileEncoding = 4; lastKnownFileType = sourcecode.c.objc; name = LJHMeViewController.m; path = ../LJHMeViewController.m; sourceTree = "<group>"; };
		2D4F66E71A600F5200A3D805 /* UIImage+LJH.h */ = {isa = PBXFileReference; fileEncoding = 4; lastKnownFileType = sourcecode.c.h; path = "UIImage+LJH.h"; sourceTree = "<group>"; };
		2D4F66E81A600F5200A3D805 /* UIImage+LJH.m */ = {isa = PBXFileReference; fileEncoding = 4; lastKnownFileType = sourcecode.c.objc; path = "UIImage+LJH.m"; sourceTree = "<group>"; };
		2D4F66EA1A6011DD00A3D805 /* LJHTabBar.h */ = {isa = PBXFileReference; fileEncoding = 4; lastKnownFileType = sourcecode.c.h; path = LJHTabBar.h; sourceTree = "<group>"; };
		2D4F66EB1A6011DD00A3D805 /* LJHTabBar.m */ = {isa = PBXFileReference; fileEncoding = 4; lastKnownFileType = sourcecode.c.objc; path = LJHTabBar.m; sourceTree = "<group>"; };
		2D4F66ED1A60176100A3D805 /* LJHTabBarButton.h */ = {isa = PBXFileReference; fileEncoding = 4; lastKnownFileType = sourcecode.c.h; path = LJHTabBarButton.h; sourceTree = "<group>"; };
		2D4F66EE1A60176100A3D805 /* LJHTabBarButton.m */ = {isa = PBXFileReference; fileEncoding = 4; lastKnownFileType = sourcecode.c.objc; path = LJHTabBarButton.m; sourceTree = "<group>"; };
		2D4F66F01A601E9E00A3D805 /* LJHBadgeButton.h */ = {isa = PBXFileReference; fileEncoding = 4; lastKnownFileType = sourcecode.c.h; path = LJHBadgeButton.h; sourceTree = "<group>"; };
		2D4F66F11A601E9E00A3D805 /* LJHBadgeButton.m */ = {isa = PBXFileReference; fileEncoding = 4; lastKnownFileType = sourcecode.c.objc; path = LJHBadgeButton.m; sourceTree = "<group>"; };
		2D4F66F31A60392B00A3D805 /* TextSizeTool.h */ = {isa = PBXFileReference; fileEncoding = 4; lastKnownFileType = sourcecode.c.h; name = TextSizeTool.h; path = "../../Other(其他)/TextSizeTool.h"; sourceTree = "<group>"; };
		2D4F66F41A60392B00A3D805 /* TextSizeTool.m */ = {isa = PBXFileReference; fileEncoding = 4; lastKnownFileType = sourcecode.c.objc; name = TextSizeTool.m; path = "../../Other(其他)/TextSizeTool.m"; sourceTree = "<group>"; };
		2D4F66F71A603DBE00A3D805 /* LJHNavigationController.h */ = {isa = PBXFileReference; fileEncoding = 4; lastKnownFileType = sourcecode.c.h; path = LJHNavigationController.h; sourceTree = "<group>"; };
		2D4F66F81A603DBE00A3D805 /* LJHNavigationController.m */ = {isa = PBXFileReference; fileEncoding = 4; lastKnownFileType = sourcecode.c.objc; path = LJHNavigationController.m; sourceTree = "<group>"; };
		2D4F66FB1A60457300A3D805 /* UIBarButtonItem+LJH.h */ = {isa = PBXFileReference; fileEncoding = 4; lastKnownFileType = sourcecode.c.h; path = "UIBarButtonItem+LJH.h"; sourceTree = "<group>"; };
		2D4F66FC1A60457300A3D805 /* UIBarButtonItem+LJH.m */ = {isa = PBXFileReference; fileEncoding = 4; lastKnownFileType = sourcecode.c.objc; path = "UIBarButtonItem+LJH.m"; sourceTree = "<group>"; };
		2D4F66FE1A60466A00A3D805 /* LJHTitleButton.h */ = {isa = PBXFileReference; fileEncoding = 4; lastKnownFileType = sourcecode.c.h; path = LJHTitleButton.h; sourceTree = "<group>"; };
		2D4F66FF1A60466A00A3D805 /* LJHTitleButton.m */ = {isa = PBXFileReference; fileEncoding = 4; lastKnownFileType = sourcecode.c.objc; path = LJHTitleButton.m; sourceTree = "<group>"; };
		2D4F67011A604A1C00A3D805 /* LJHSearchBar.h */ = {isa = PBXFileReference; fileEncoding = 4; lastKnownFileType = sourcecode.c.h; path = LJHSearchBar.h; sourceTree = "<group>"; };
		2D4F67021A604A1C00A3D805 /* LJHSearchBar.m */ = {isa = PBXFileReference; fileEncoding = 4; lastKnownFileType = sourcecode.c.objc; path = LJHSearchBar.m; sourceTree = "<group>"; };
		2D4F67041A604D7900A3D805 /* LJHOAuthViewController.h */ = {isa = PBXFileReference; fileEncoding = 4; lastKnownFileType = sourcecode.c.h; path = LJHOAuthViewController.h; sourceTree = "<group>"; };
		2D4F67051A604D7900A3D805 /* LJHOAuthViewController.m */ = {isa = PBXFileReference; fileEncoding = 4; lastKnownFileType = sourcecode.c.objc; path = LJHOAuthViewController.m; sourceTree = "<group>"; };
		2D4F67071A604D8700A3D805 /* LJHAccount.h */ = {isa = PBXFileReference; fileEncoding = 4; lastKnownFileType = sourcecode.c.h; name = LJHAccount.h; path = ../View/LJHAccount.h; sourceTree = "<group>"; };
		2D4F67081A604D8700A3D805 /* LJHAccount.m */ = {isa = PBXFileReference; fileEncoding = 4; lastKnownFileType = sourcecode.c.objc; name = LJHAccount.m; path = ../View/LJHAccount.m; sourceTree = "<group>"; };
		2D4F670B1A604DA400A3D805 /* LJHAccountTool.h */ = {isa = PBXFileReference; fileEncoding = 4; lastKnownFileType = sourcecode.c.h; path = LJHAccountTool.h; sourceTree = "<group>"; };
		2D4F670C1A604DA400A3D805 /* LJHAccountTool.m */ = {isa = PBXFileReference; fileEncoding = 4; lastKnownFileType = sourcecode.c.objc; path = LJHAccountTool.m; sourceTree = "<group>"; };
		2D4F670E1A604DAF00A3D805 /* LJHWeiboTool.h */ = {isa = PBXFileReference; fileEncoding = 4; lastKnownFileType = sourcecode.c.h; path = LJHWeiboTool.h; sourceTree = "<group>"; };
		2D4F670F1A604DAF00A3D805 /* LJHWeiboTool.m */ = {isa = PBXFileReference; fileEncoding = 4; lastKnownFileType = sourcecode.c.objc; path = LJHWeiboTool.m; sourceTree = "<group>"; };
		2D4F67111A604E4A00A3D805 /* LJHNewFeatureController.h */ = {isa = PBXFileReference; fileEncoding = 4; lastKnownFileType = sourcecode.c.h; path = LJHNewFeatureController.h; sourceTree = "<group>"; };
		2D4F67121A604E4A00A3D805 /* LJHNewFeatureController.m */ = {isa = PBXFileReference; fileEncoding = 4; lastKnownFileType = sourcecode.c.objc; path = LJHNewFeatureController.m; sourceTree = "<group>"; };
		2D5642681A6CB2FB00DC13B9 /* LJHComposeToolBar.h */ = {isa = PBXFileReference; fileEncoding = 4; lastKnownFileType = sourcecode.c.h; path = LJHComposeToolBar.h; sourceTree = "<group>"; };
		2D5642691A6CB2FB00DC13B9 /* LJHComposeToolBar.m */ = {isa = PBXFileReference; fileEncoding = 4; lastKnownFileType = sourcecode.c.objc; path = LJHComposeToolBar.m; sourceTree = "<group>"; };
		2D9D31FE1A62B1E700CCA7D5 /* NSDate+LJH.h */ = {isa = PBXFileReference; fileEncoding = 4; lastKnownFileType = sourcecode.c.h; path = "NSDate+LJH.h"; sourceTree = "<group>"; };
		2D9D31FF1A62B1E700CCA7D5 /* NSDate+LJH.m */ = {isa = PBXFileReference; fileEncoding = 4; lastKnownFileType = sourcecode.c.objc; path = "NSDate+LJH.m"; sourceTree = "<group>"; };
		2D9D32011A62BCCF00CCA7D5 /* LJHStatusToolBar.h */ = {isa = PBXFileReference; fileEncoding = 4; lastKnownFileType = sourcecode.c.h; path = LJHStatusToolBar.h; sourceTree = "<group>"; };
		2D9D32021A62BCCF00CCA7D5 /* LJHStatusToolBar.m */ = {isa = PBXFileReference; fileEncoding = 4; lastKnownFileType = sourcecode.c.objc; path = LJHStatusToolBar.m; sourceTree = "<group>"; };
		2DD6AA861A6271D5001FF559 /* LJHStatusFrame.h */ = {isa = PBXFileReference; fileEncoding = 4; lastKnownFileType = sourcecode.c.h; path = LJHStatusFrame.h; sourceTree = "<group>"; };
		2DD6AA871A6271D5001FF559 /* LJHStatusFrame.m */ = {isa = PBXFileReference; fileEncoding = 4; lastKnownFileType = sourcecode.c.objc; path = LJHStatusFrame.m; sourceTree = "<group>"; };
		2DE550641A5FF83B00DBCB15 /* LJHWeibo.app */ = {isa = PBXFileReference; explicitFileType = wrapper.application; includeInIndex = 0; path = LJHWeibo.app; sourceTree = BUILT_PRODUCTS_DIR; };
		2DE550671A5FF83C00DBCB15 /* Foundation.framework */ = {isa = PBXFileReference; lastKnownFileType = wrapper.framework; name = Foundation.framework; path = System/Library/Frameworks/Foundation.framework; sourceTree = SDKROOT; };
		2DE550691A5FF83C00DBCB15 /* CoreGraphics.framework */ = {isa = PBXFileReference; lastKnownFileType = wrapper.framework; name = CoreGraphics.framework; path = System/Library/Frameworks/CoreGraphics.framework; sourceTree = SDKROOT; };
		2DE5506B1A5FF83C00DBCB15 /* UIKit.framework */ = {isa = PBXFileReference; lastKnownFileType = wrapper.framework; name = UIKit.framework; path = System/Library/Frameworks/UIKit.framework; sourceTree = SDKROOT; };
		2DE5506F1A5FF83C00DBCB15 /* LJHWeibo-Info.plist */ = {isa = PBXFileReference; lastKnownFileType = text.plist.xml; path = "LJHWeibo-Info.plist"; sourceTree = "<group>"; };
		2DE550711A5FF83C00DBCB15 /* en */ = {isa = PBXFileReference; lastKnownFileType = text.plist.strings; name = en; path = en.lproj/InfoPlist.strings; sourceTree = "<group>"; };
		2DE550791A5FF83C00DBCB15 /* Images.xcassets */ = {isa = PBXFileReference; lastKnownFileType = folder.assetcatalog; path = Images.xcassets; sourceTree = "<group>"; };
		2DE5507F1A5FF83C00DBCB15 /* LJHWeiboTests.xctest */ = {isa = PBXFileReference; explicitFileType = wrapper.cfbundle; includeInIndex = 0; path = LJHWeiboTests.xctest; sourceTree = BUILT_PRODUCTS_DIR; };
		2DE550801A5FF83C00DBCB15 /* XCTest.framework */ = {isa = PBXFileReference; lastKnownFileType = wrapper.framework; name = XCTest.framework; path = Library/Frameworks/XCTest.framework; sourceTree = DEVELOPER_DIR; };
		2DE550881A5FF83C00DBCB15 /* LJHWeiboTests-Info.plist */ = {isa = PBXFileReference; lastKnownFileType = text.plist.xml; path = "LJHWeiboTests-Info.plist"; sourceTree = "<group>"; };
		2DE5508A1A5FF83C00DBCB15 /* en */ = {isa = PBXFileReference; lastKnownFileType = text.plist.strings; name = en; path = en.lproj/InfoPlist.strings; sourceTree = "<group>"; };
		2DE5508C1A5FF83C00DBCB15 /* LJHWeiboTests.m */ = {isa = PBXFileReference; lastKnownFileType = sourcecode.c.objc; path = LJHWeiboTests.m; sourceTree = "<group>"; };
		2DE550B51A5FFA2100DBCB15 /* LJHAppDelegate.h */ = {isa = PBXFileReference; fileEncoding = 4; lastKnownFileType = sourcecode.c.h; path = LJHAppDelegate.h; sourceTree = "<group>"; };
		2DE550B61A5FFA2100DBCB15 /* LJHAppDelegate.m */ = {isa = PBXFileReference; fileEncoding = 4; lastKnownFileType = sourcecode.c.objc; path = LJHAppDelegate.m; sourceTree = "<group>"; };
		2DE550B71A5FFA2100DBCB15 /* LJHWeibo-Prefix.pch */ = {isa = PBXFileReference; fileEncoding = 4; lastKnownFileType = sourcecode.c.h; path = "LJHWeibo-Prefix.pch"; sourceTree = "<group>"; };
		2DE550B81A5FFA2100DBCB15 /* main.m */ = {isa = PBXFileReference; fileEncoding = 4; lastKnownFileType = sourcecode.c.objc; path = main.m; sourceTree = "<group>"; };
		2DE550BB1A60041400DBCB15 /* LJHTabBarController.h */ = {isa = PBXFileReference; fileEncoding = 4; lastKnownFileType = sourcecode.c.h; path = LJHTabBarController.h; sourceTree = "<group>"; };
		2DE550BC1A60041400DBCB15 /* LJHTabBarController.m */ = {isa = PBXFileReference; fileEncoding = 4; lastKnownFileType = sourcecode.c.objc; path = LJHTabBarController.m; sourceTree = "<group>"; };
		2DFBC5861A6A540E0057943D /* MJRefresh.bundle */ = {isa = PBXFileReference; lastKnownFileType = "wrapper.plug-in"; path = MJRefresh.bundle; sourceTree = "<group>"; };
		2DFBC5871A6A540E0057943D /* MJRefresh.h */ = {isa = PBXFileReference; fileEncoding = 4; lastKnownFileType = sourcecode.c.h; path = MJRefresh.h; sourceTree = "<group>"; };
		2DFBC5881A6A540E0057943D /* MJRefreshBaseView.h */ = {isa = PBXFileReference; fileEncoding = 4; lastKnownFileType = sourcecode.c.h; path = MJRefreshBaseView.h; sourceTree = "<group>"; };
		2DFBC5891A6A540E0057943D /* MJRefreshBaseView.m */ = {isa = PBXFileReference; fileEncoding = 4; lastKnownFileType = sourcecode.c.objc; path = MJRefreshBaseView.m; sourceTree = "<group>"; };
		2DFBC58A1A6A540E0057943D /* MJRefreshConst.h */ = {isa = PBXFileReference; fileEncoding = 4; lastKnownFileType = sourcecode.c.h; path = MJRefreshConst.h; sourceTree = "<group>"; };
		2DFBC58B1A6A540E0057943D /* MJRefreshConst.m */ = {isa = PBXFileReference; fileEncoding = 4; lastKnownFileType = sourcecode.c.objc; path = MJRefreshConst.m; sourceTree = "<group>"; };
		2DFBC58C1A6A540E0057943D /* MJRefreshFooterView.h */ = {isa = PBXFileReference; fileEncoding = 4; lastKnownFileType = sourcecode.c.h; path = MJRefreshFooterView.h; sourceTree = "<group>"; };
		2DFBC58D1A6A540E0057943D /* MJRefreshFooterView.m */ = {isa = PBXFileReference; fileEncoding = 4; lastKnownFileType = sourcecode.c.objc; path = MJRefreshFooterView.m; sourceTree = "<group>"; };
		2DFBC58E1A6A540E0057943D /* MJRefreshHeaderView.h */ = {isa = PBXFileReference; fileEncoding = 4; lastKnownFileType = sourcecode.c.h; path = MJRefreshHeaderView.h; sourceTree = "<group>"; };
		2DFBC58F1A6A540E0057943D /* MJRefreshHeaderView.m */ = {isa = PBXFileReference; fileEncoding = 4; lastKnownFileType = sourcecode.c.objc; path = MJRefreshHeaderView.m; sourceTree = "<group>"; };
		2DFBC5901A6A540E0057943D /* UIScrollView+MJExtension.h */ = {isa = PBXFileReference; fileEncoding = 4; lastKnownFileType = sourcecode.c.h; path = "UIScrollView+MJExtension.h"; sourceTree = "<group>"; };
		2DFBC5911A6A540E0057943D /* UIScrollView+MJExtension.m */ = {isa = PBXFileReference; fileEncoding = 4; lastKnownFileType = sourcecode.c.objc; path = "UIScrollView+MJExtension.m"; sourceTree = "<group>"; };
		2DFBC5921A6A540E0057943D /* UIScrollView+MJRefresh.h */ = {isa = PBXFileReference; fileEncoding = 4; lastKnownFileType = sourcecode.c.h; path = "UIScrollView+MJRefresh.h"; sourceTree = "<group>"; };
		2DFBC5931A6A540E0057943D /* UIScrollView+MJRefresh.m */ = {isa = PBXFileReference; fileEncoding = 4; lastKnownFileType = sourcecode.c.objc; path = "UIScrollView+MJRefresh.m"; sourceTree = "<group>"; };
		2DFBC5941A6A540E0057943D /* UIView+MJExtension.h */ = {isa = PBXFileReference; fileEncoding = 4; lastKnownFileType = sourcecode.c.h; path = "UIView+MJExtension.h"; sourceTree = "<group>"; };
		2DFBC5951A6A540E0057943D /* UIView+MJExtension.m */ = {isa = PBXFileReference; fileEncoding = 4; lastKnownFileType = sourcecode.c.objc; path = "UIView+MJExtension.m"; sourceTree = "<group>"; };
		2DFBC59E1A6BFD380057943D /* Common.h */ = {isa = PBXFileReference; lastKnownFileType = sourcecode.c.h; path = Common.h; sourceTree = "<group>"; };
		2DFBC5A31A6C04180057943D /* LJHComposeViewController.h */ = {isa = PBXFileReference; fileEncoding = 4; lastKnownFileType = sourcecode.c.h; path = LJHComposeViewController.h; sourceTree = "<group>"; };
		2DFBC5A41A6C04180057943D /* LJHComposeViewController.m */ = {isa = PBXFileReference; fileEncoding = 4; lastKnownFileType = sourcecode.c.objc; path = LJHComposeViewController.m; sourceTree = "<group>"; };
		2DFBC5A61A6C06A90057943D /* LJHTextView.h */ = {isa = PBXFileReference; fileEncoding = 4; lastKnownFileType = sourcecode.c.h; path = LJHTextView.h; sourceTree = "<group>"; };
		2DFBC5A71A6C06A90057943D /* LJHTextView.m */ = {isa = PBXFileReference; fileEncoding = 4; lastKnownFileType = sourcecode.c.objc; path = LJHTextView.m; sourceTree = "<group>"; };
		ED20194B8702B13DD13FE661 /* Pods.debug.xcconfig */ = {isa = PBXFileReference; includeInIndex = 1; lastKnownFileType = text.xcconfig; name = Pods.debug.xcconfig; path = "Pods/Target Support Files/Pods/Pods.debug.xcconfig"; sourceTree = "<group>"; };
		F77902A97DC304D3EF16BCC0 /* Pods.release.xcconfig */ = {isa = PBXFileReference; includeInIndex = 1; lastKnownFileType = text.xcconfig; name = Pods.release.xcconfig; path = "Pods/Target Support Files/Pods/Pods.release.xcconfig"; sourceTree = "<group>"; };
/* End PBXFileReference section */

/* Begin PBXFrameworksBuildPhase section */
		2DE550611A5FF83B00DBCB15 /* Frameworks */ = {
			isa = PBXFrameworksBuildPhase;
			buildActionMask = 2147483647;
			files = (
				2DE5506A1A5FF83C00DBCB15 /* CoreGraphics.framework in Frameworks */,
				2DE5506C1A5FF83C00DBCB15 /* UIKit.framework in Frameworks */,
				2DE550681A5FF83C00DBCB15 /* Foundation.framework in Frameworks */,
				8757AB31F6A1BDA687F7667F /* libPods.a in Frameworks */,
			);
			runOnlyForDeploymentPostprocessing = 0;
		};
		2DE5507C1A5FF83C00DBCB15 /* Frameworks */ = {
			isa = PBXFrameworksBuildPhase;
			buildActionMask = 2147483647;
			files = (
				2DE550811A5FF83C00DBCB15 /* XCTest.framework in Frameworks */,
				2DE550831A5FF83C00DBCB15 /* UIKit.framework in Frameworks */,
				2DE550821A5FF83C00DBCB15 /* Foundation.framework in Frameworks */,
			);
			runOnlyForDeploymentPostprocessing = 0;
		};
/* End PBXFrameworksBuildPhase section */

/* Begin PBXGroup section */
		2D0EEE781A60E7F700D2680D /* lib */ = {
			isa = PBXGroup;
			children = (
				2DFBC5851A6A540E0057943D /* MJRefresh */,
				2D28C3411A67B55D0038587F /* MJPhotoBrowser */,
				2D0EEE791A60E81800D2680D /* MJExtension */,
			);
			path = lib;
			sourceTree = "<group>";
		};
		2D0EEE791A60E81800D2680D /* MJExtension */ = {
			isa = PBXGroup;
			children = (
				2D0EEE7A1A60E81800D2680D /* MJArgument.h */,
				2D0EEE7B1A60E81800D2680D /* MJArgument.m */,
				2D0EEE7C1A60E81800D2680D /* MJExtension.h */,
				2D0EEE7D1A60E81800D2680D /* MJIvar.h */,
				2D0EEE7E1A60E81800D2680D /* MJIvar.m */,
				2D0EEE7F1A60E81800D2680D /* MJMember.h */,
				2D0EEE801A60E81800D2680D /* MJMember.m */,
				2D0EEE811A60E81800D2680D /* MJMethod.h */,
				2D0EEE821A60E81800D2680D /* MJMethod.m */,
				2D0EEE831A60E81800D2680D /* MJType.h */,
				2D0EEE841A60E81800D2680D /* MJType.m */,
				2D0EEE851A60E81800D2680D /* MJTypeEncoding.h */,
				2D0EEE861A60E81800D2680D /* MJTypeEncoding.m */,
				2D0EEE871A60E81800D2680D /* NSObject+MJCoding.h */,
				2D0EEE881A60E81800D2680D /* NSObject+MJCoding.m */,
				2D0EEE891A60E81800D2680D /* NSObject+MJKeyValue.h */,
				2D0EEE8A1A60E81800D2680D /* NSObject+MJKeyValue.m */,
				2D0EEE8B1A60E81800D2680D /* NSObject+MJMember.h */,
				2D0EEE8C1A60E81800D2680D /* NSObject+MJMember.m */,
			);
			path = MJExtension;
			sourceTree = "<group>";
		};
		2D28C3411A67B55D0038587F /* MJPhotoBrowser */ = {
			isa = PBXGroup;
			children = (
				2D28C3421A67B55D0038587F /* MJPhoto.h */,
				2D28C3431A67B55D0038587F /* MJPhoto.m */,
				2D28C3441A67B55D0038587F /* MJPhotoBrowser.bundle */,
				2D28C3451A67B55D0038587F /* MJPhotoBrowser.h */,
				2D28C3461A67B55D0038587F /* MJPhotoBrowser.m */,
				2D28C3471A67B55D0038587F /* MJPhotoLoadingView.h */,
				2D28C3481A67B55D0038587F /* MJPhotoLoadingView.m */,
				2D28C3491A67B55D0038587F /* MJPhotoProgressView.h */,
				2D28C34A1A67B55D0038587F /* MJPhotoProgressView.m */,
				2D28C34B1A67B55D0038587F /* MJPhotoToolbar.h */,
				2D28C34C1A67B55D0038587F /* MJPhotoToolbar.m */,
				2D28C34D1A67B55D0038587F /* MJPhotoView.h */,
				2D28C34E1A67B55D0038587F /* MJPhotoView.m */,
				2D28C34F1A67B55D0038587F /* SDWebImageManager+MJ.h */,
				2D28C3501A67B55D0038587F /* SDWebImageManager+MJ.m */,
			);
			path = MJPhotoBrowser;
			sourceTree = "<group>";
		};
		2D4F66F61A60396600A3D805 /* Tool */ = {
			isa = PBXGroup;
			children = (
				2D4F66F31A60392B00A3D805 /* TextSizeTool.h */,
				2D4F66F41A60392B00A3D805 /* TextSizeTool.m */,
			);
			path = Tool;
			sourceTree = "<group>";
		};
		2D4F670A1A604D9900A3D805 /* Tool */ = {
			isa = PBXGroup;
			children = (
				2D4F670B1A604DA400A3D805 /* LJHAccountTool.h */,
				2D4F670C1A604DA400A3D805 /* LJHAccountTool.m */,
			);
			path = Tool;
			sourceTree = "<group>";
		};
		2DE5505B1A5FF83B00DBCB15 = {
			isa = PBXGroup;
			children = (
				2DE5506D1A5FF83C00DBCB15 /* LJHWeibo */,
				2DE550861A5FF83C00DBCB15 /* LJHWeiboTests */,
				2DE550661A5FF83B00DBCB15 /* Frameworks */,
				2DE550651A5FF83B00DBCB15 /* Products */,
				559CE99EEE52DB2E55F3E424 /* Pods */,
			);
			sourceTree = "<group>";
		};
		2DE550651A5FF83B00DBCB15 /* Products */ = {
			isa = PBXGroup;
			children = (
				2DE550641A5FF83B00DBCB15 /* LJHWeibo.app */,
				2DE5507F1A5FF83C00DBCB15 /* LJHWeiboTests.xctest */,
			);
			name = Products;
			sourceTree = "<group>";
		};
		2DE550661A5FF83B00DBCB15 /* Frameworks */ = {
			isa = PBXGroup;
			children = (
				2DE550671A5FF83C00DBCB15 /* Foundation.framework */,
				2DE550691A5FF83C00DBCB15 /* CoreGraphics.framework */,
				2DE5506B1A5FF83C00DBCB15 /* UIKit.framework */,
				2DE550801A5FF83C00DBCB15 /* XCTest.framework */,
				06231EAFF7773C619AC300E6 /* libPods.a */,
			);
			name = Frameworks;
			sourceTree = "<group>";
		};
		2DE5506D1A5FF83C00DBCB15 /* LJHWeibo */ = {
			isa = PBXGroup;
			children = (
				2DE550961A5FFA2100DBCB15 /* Class */,
				2DE5506E1A5FF83C00DBCB15 /* Supporting Files */,
			);
			path = LJHWeibo;
			sourceTree = "<group>";
		};
		2DE5506E1A5FF83C00DBCB15 /* Supporting Files */ = {
			isa = PBXGroup;
			children = (
				2DE5506F1A5FF83C00DBCB15 /* LJHWeibo-Info.plist */,
				2DE550791A5FF83C00DBCB15 /* Images.xcassets */,
				2DE550701A5FF83C00DBCB15 /* InfoPlist.strings */,
			);
			name = "Supporting Files";
			sourceTree = "<group>";
		};
		2DE550861A5FF83C00DBCB15 /* LJHWeiboTests */ = {
			isa = PBXGroup;
			children = (
				2DE5508C1A5FF83C00DBCB15 /* LJHWeiboTests.m */,
				2DE550871A5FF83C00DBCB15 /* Supporting Files */,
			);
			path = LJHWeiboTests;
			sourceTree = "<group>";
		};
		2DE550871A5FF83C00DBCB15 /* Supporting Files */ = {
			isa = PBXGroup;
			children = (
				2DE550881A5FF83C00DBCB15 /* LJHWeiboTests-Info.plist */,
				2DE550891A5FF83C00DBCB15 /* InfoPlist.strings */,
			);
			name = "Supporting Files";
			sourceTree = "<group>";
		};
		2DE550961A5FFA2100DBCB15 /* Class */ = {
			isa = PBXGroup;
			children = (
				2DFBC59F1A6C03EE0057943D /* Compose(发微博) */,
				2DE550971A5FFA2100DBCB15 /* Discover(广场) */,
				2DE5509B1A5FFA2100DBCB15 /* Home(首页) */,
				2DE5509F1A5FFA2100DBCB15 /* Main(主要) */,
				2DE550A31A5FFA2100DBCB15 /* Me(我) */,
				2DE550A71A5FFA2100DBCB15 /* Message(消息) */,
				2DE550AB1A5FFA2100DBCB15 /* NewFeature(新特性) */,
				2DE550AF1A5FFA2100DBCB15 /* OAuth(授权) */,
				2DE550B31A5FFA2100DBCB15 /* Other(其他) */,
			);
			path = Class;
			sourceTree = "<group>";
		};
		2DE550971A5FFA2100DBCB15 /* Discover(广场) */ = {
			isa = PBXGroup;
			children = (
				2DE550981A5FFA2100DBCB15 /* Controller */,
				2DE550991A5FFA2100DBCB15 /* Model */,
				2DE5509A1A5FFA2100DBCB15 /* View */,
			);
			path = "Discover(广场)";
			sourceTree = "<group>";
		};
		2DE550981A5FFA2100DBCB15 /* Controller */ = {
			isa = PBXGroup;
			children = (
				2D4F66E11A60052600A3D805 /* LJHDiscoverController.h */,
				2D4F66E21A60052600A3D805 /* LJHDiscoverController.m */,
			);
			path = Controller;
			sourceTree = "<group>";
		};
		2DE550991A5FFA2100DBCB15 /* Model */ = {
			isa = PBXGroup;
			children = (
			);
			path = Model;
			sourceTree = "<group>";
		};
		2DE5509A1A5FFA2100DBCB15 /* View */ = {
			isa = PBXGroup;
			children = (
				2D4F67011A604A1C00A3D805 /* LJHSearchBar.h */,
				2D4F67021A604A1C00A3D805 /* LJHSearchBar.m */,
			);
			path = View;
			sourceTree = "<group>";
		};
		2DE5509B1A5FFA2100DBCB15 /* Home(首页) */ = {
			isa = PBXGroup;
			children = (
				2DE5509C1A5FFA2100DBCB15 /* Controller */,
				2DE5509D1A5FFA2100DBCB15 /* Model */,
				2DE5509E1A5FFA2100DBCB15 /* View */,
			);
			path = "Home(首页)";
			sourceTree = "<group>";
		};
		2DE5509C1A5FFA2100DBCB15 /* Controller */ = {
			isa = PBXGroup;
			children = (
				2D4F66DB1A6004FB00A3D805 /* LJHHomeViewController.h */,
				2D4F66DC1A6004FB00A3D805 /* LJHHomeViewController.m */,
			);
			path = Controller;
			sourceTree = "<group>";
		};
		2DE5509D1A5FFA2100DBCB15 /* Model */ = {
			isa = PBXGroup;
			children = (
				2D0EEE721A60E7DB00D2680D /* LJHStatus.h */,
				2D0EEE731A60E7DB00D2680D /* LJHStatus.m */,
				2D0EEE751A60E7E400D2680D /* LJHUser.h */,
				2D0EEE761A60E7E400D2680D /* LJHUser.m */,
				2DD6AA861A6271D5001FF559 /* LJHStatusFrame.h */,
				2DD6AA871A6271D5001FF559 /* LJHStatusFrame.m */,
				2D023F101A641CCA00E4215B /* LJHPhoto.h */,
				2D023F111A641CCA00E4215B /* LJHPhoto.m */,
			);
			path = Model;
			sourceTree = "<group>";
		};
		2DE5509E1A5FFA2100DBCB15 /* View */ = {
			isa = PBXGroup;
			children = (
				2D4F66FE1A60466A00A3D805 /* LJHTitleButton.h */,
				2D4F66FF1A60466A00A3D805 /* LJHTitleButton.m */,
				2D0C87421A61188A00725FC9 /* LJHStatusCell.h */,
				2D0C87431A61188A00725FC9 /* LJHStatusCell.m */,
				2D9D32011A62BCCF00CCA7D5 /* LJHStatusToolBar.h */,
				2D9D32021A62BCCF00CCA7D5 /* LJHStatusToolBar.m */,
				2D023F0A1A64112600E4215B /* LJHReweetStatusView.h */,
				2D023F0B1A64112600E4215B /* LJHReweetStatusView.m */,
				2D023F0D1A64159800E4215B /* LJHStatusTopView.h */,
				2D023F0E1A64159800E4215B /* LJHStatusTopView.m */,
				2D28C33B1A67AD8C0038587F /* LJHPhotoView.h */,
				2D28C33C1A67AD8C0038587F /* LJHPhotoView.m */,
				2D28C33E1A67ADBE0038587F /* LJHPhotosView.h */,
				2D28C33F1A67ADBE0038587F /* LJHPhotosView.m */,
			);
			path = View;
			sourceTree = "<group>";
		};
		2DE5509F1A5FFA2100DBCB15 /* Main(主要) */ = {
			isa = PBXGroup;
			children = (
				2D4F66F61A60396600A3D805 /* Tool */,
				2DE550A01A5FFA2100DBCB15 /* Controller */,
				2DE550A11A5FFA2100DBCB15 /* Model */,
				2DE550A21A5FFA2100DBCB15 /* View */,
			);
			path = "Main(主要)";
			sourceTree = "<group>";
		};
		2DE550A01A5FFA2100DBCB15 /* Controller */ = {
			isa = PBXGroup;
			children = (
				2DE550BB1A60041400DBCB15 /* LJHTabBarController.h */,
				2DE550BC1A60041400DBCB15 /* LJHTabBarController.m */,
				2D4F66F71A603DBE00A3D805 /* LJHNavigationController.h */,
				2D4F66F81A603DBE00A3D805 /* LJHNavigationController.m */,
			);
			path = Controller;
			sourceTree = "<group>";
		};
		2DE550A11A5FFA2100DBCB15 /* Model */ = {
			isa = PBXGroup;
			children = (
			);
			path = Model;
			sourceTree = "<group>";
		};
		2DE550A21A5FFA2100DBCB15 /* View */ = {
			isa = PBXGroup;
			children = (
				2D4F66EA1A6011DD00A3D805 /* LJHTabBar.h */,
				2D4F66EB1A6011DD00A3D805 /* LJHTabBar.m */,
				2D4F66ED1A60176100A3D805 /* LJHTabBarButton.h */,
				2D4F66EE1A60176100A3D805 /* LJHTabBarButton.m */,
				2D4F66F01A601E9E00A3D805 /* LJHBadgeButton.h */,
				2D4F66F11A601E9E00A3D805 /* LJHBadgeButton.m */,
			);
			path = View;
			sourceTree = "<group>";
		};
		2DE550A31A5FFA2100DBCB15 /* Me(我) */ = {
			isa = PBXGroup;
			children = (
				2DE550A41A5FFA2100DBCB15 /* Controller */,
				2DE550A51A5FFA2100DBCB15 /* Model */,
				2DE550A61A5FFA2100DBCB15 /* View */,
			);
			path = "Me(我)";
			sourceTree = "<group>";
		};
		2DE550A41A5FFA2100DBCB15 /* Controller */ = {
			isa = PBXGroup;
			children = (
				2D4F66E41A60053600A3D805 /* LJHMeViewController.h */,
				2D4F66E51A60053600A3D805 /* LJHMeViewController.m */,
			);
			path = Controller;
			sourceTree = "<group>";
		};
		2DE550A51A5FFA2100DBCB15 /* Model */ = {
			isa = PBXGroup;
			children = (
			);
			path = Model;
			sourceTree = "<group>";
		};
		2DE550A61A5FFA2100DBCB15 /* View */ = {
			isa = PBXGroup;
			children = (
			);
			path = View;
			sourceTree = "<group>";
		};
		2DE550A71A5FFA2100DBCB15 /* Message(消息) */ = {
			isa = PBXGroup;
			children = (
				2DE550A81A5FFA2100DBCB15 /* Controller */,
				2DE550A91A5FFA2100DBCB15 /* Model */,
				2DE550AA1A5FFA2100DBCB15 /* View */,
			);
			path = "Message(消息)";
			sourceTree = "<group>";
		};
		2DE550A81A5FFA2100DBCB15 /* Controller */ = {
			isa = PBXGroup;
			children = (
				2D4F66DE1A60051300A3D805 /* LJHMessageViewController.h */,
				2D4F66DF1A60051300A3D805 /* LJHMessageViewController.m */,
			);
			path = Controller;
			sourceTree = "<group>";
		};
		2DE550A91A5FFA2100DBCB15 /* Model */ = {
			isa = PBXGroup;
			children = (
			);
			path = Model;
			sourceTree = "<group>";
		};
		2DE550AA1A5FFA2100DBCB15 /* View */ = {
			isa = PBXGroup;
			children = (
			);
			path = View;
			sourceTree = "<group>";
		};
		2DE550AB1A5FFA2100DBCB15 /* NewFeature(新特性) */ = {
			isa = PBXGroup;
			children = (
				2DE550AC1A5FFA2100DBCB15 /* Controller */,
				2DE550AD1A5FFA2100DBCB15 /* Model */,
				2DE550AE1A5FFA2100DBCB15 /* View */,
			);
			path = "NewFeature(新特性)";
			sourceTree = "<group>";
		};
		2DE550AC1A5FFA2100DBCB15 /* Controller */ = {
			isa = PBXGroup;
			children = (
				2D4F67111A604E4A00A3D805 /* LJHNewFeatureController.h */,
				2D4F67121A604E4A00A3D805 /* LJHNewFeatureController.m */,
			);
			path = Controller;
			sourceTree = "<group>";
		};
		2DE550AD1A5FFA2100DBCB15 /* Model */ = {
			isa = PBXGroup;
			children = (
			);
			path = Model;
			sourceTree = "<group>";
		};
		2DE550AE1A5FFA2100DBCB15 /* View */ = {
			isa = PBXGroup;
			children = (
			);
			path = View;
			sourceTree = "<group>";
		};
		2DE550AF1A5FFA2100DBCB15 /* OAuth(授权) */ = {
			isa = PBXGroup;
			children = (
				2D4F670A1A604D9900A3D805 /* Tool */,
				2DE550B01A5FFA2100DBCB15 /* Controller */,
				2DE550B11A5FFA2100DBCB15 /* Model */,
			);
			path = "OAuth(授权)";
			sourceTree = "<group>";
		};
		2DE550B01A5FFA2100DBCB15 /* Controller */ = {
			isa = PBXGroup;
			children = (
				2D4F67041A604D7900A3D805 /* LJHOAuthViewController.h */,
				2D4F67051A604D7900A3D805 /* LJHOAuthViewController.m */,
			);
			path = Controller;
			sourceTree = "<group>";
		};
		2DE550B11A5FFA2100DBCB15 /* Model */ = {
			isa = PBXGroup;
			children = (
				2D4F67071A604D8700A3D805 /* LJHAccount.h */,
				2D4F67081A604D8700A3D805 /* LJHAccount.m */,
			);
			path = Model;
			sourceTree = "<group>";
		};
		2DE550B31A5FFA2100DBCB15 /* Other(其他) */ = {
			isa = PBXGroup;
			children = (
				2D0EEE781A60E7F700D2680D /* lib */,
				2DE550B41A5FFA2100DBCB15 /* Category */,
				2DE550B51A5FFA2100DBCB15 /* LJHAppDelegate.h */,
				2DE550B61A5FFA2100DBCB15 /* LJHAppDelegate.m */,
				2DE550B71A5FFA2100DBCB15 /* LJHWeibo-Prefix.pch */,
				2DE550B81A5FFA2100DBCB15 /* main.m */,
				2D4F670E1A604DAF00A3D805 /* LJHWeiboTool.h */,
				2D4F670F1A604DAF00A3D805 /* LJHWeiboTool.m */,
				2DFBC59E1A6BFD380057943D /* Common.h */,
			);
			path = "Other(其他)";
			sourceTree = "<group>";
		};
		2DE550B41A5FFA2100DBCB15 /* Category */ = {
			isa = PBXGroup;
			children = (
				2D4F66E71A600F5200A3D805 /* UIImage+LJH.h */,
				2D4F66E81A600F5200A3D805 /* UIImage+LJH.m */,
				2D4F66FB1A60457300A3D805 /* UIBarButtonItem+LJH.h */,
				2D4F66FC1A60457300A3D805 /* UIBarButtonItem+LJH.m */,
				2D9D31FE1A62B1E700CCA7D5 /* NSDate+LJH.h */,
				2D9D31FF1A62B1E700CCA7D5 /* NSDate+LJH.m */,
			);
			path = Category;
			sourceTree = "<group>";
		};
		2DFBC5851A6A540E0057943D /* MJRefresh */ = {
			isa = PBXGroup;
			children = (
				2DFBC5861A6A540E0057943D /* MJRefresh.bundle */,
				2DFBC5871A6A540E0057943D /* MJRefresh.h */,
				2DFBC5881A6A540E0057943D /* MJRefreshBaseView.h */,
				2DFBC5891A6A540E0057943D /* MJRefreshBaseView.m */,
				2DFBC58A1A6A540E0057943D /* MJRefreshConst.h */,
				2DFBC58B1A6A540E0057943D /* MJRefreshConst.m */,
				2DFBC58C1A6A540E0057943D /* MJRefreshFooterView.h */,
				2DFBC58D1A6A540E0057943D /* MJRefreshFooterView.m */,
				2DFBC58E1A6A540E0057943D /* MJRefreshHeaderView.h */,
				2DFBC58F1A6A540E0057943D /* MJRefreshHeaderView.m */,
				2DFBC5901A6A540E0057943D /* UIScrollView+MJExtension.h */,
				2DFBC5911A6A540E0057943D /* UIScrollView+MJExtension.m */,
				2DFBC5921A6A540E0057943D /* UIScrollView+MJRefresh.h */,
				2DFBC5931A6A540E0057943D /* UIScrollView+MJRefresh.m */,
				2DFBC5941A6A540E0057943D /* UIView+MJExtension.h */,
				2DFBC5951A6A540E0057943D /* UIView+MJExtension.m */,
			);
			path = MJRefresh;
			sourceTree = "<group>";
		};
		2DFBC59F1A6C03EE0057943D /* Compose(发微博) */ = {
			isa = PBXGroup;
			children = (
				2DFBC5A01A6C03EE0057943D /* Controller */,
				2DFBC5A11A6C03EE0057943D /* Model */,
				2DFBC5A21A6C03EE0057943D /* View */,
			);
			path = "Compose(发微博)";
			sourceTree = "<group>";
		};
		2DFBC5A01A6C03EE0057943D /* Controller */ = {
			isa = PBXGroup;
			children = (
				2DFBC5A31A6C04180057943D /* LJHComposeViewController.h */,
				2DFBC5A41A6C04180057943D /* LJHComposeViewController.m */,
			);
			path = Controller;
			sourceTree = "<group>";
		};
		2DFBC5A11A6C03EE0057943D /* Model */ = {
			isa = PBXGroup;
			children = (
			);
			path = Model;
			sourceTree = "<group>";
		};
		2DFBC5A21A6C03EE0057943D /* View */ = {
			isa = PBXGroup;
			children = (
				2DFBC5A61A6C06A90057943D /* LJHTextView.h */,
				2DFBC5A71A6C06A90057943D /* LJHTextView.m */,
				2D5642681A6CB2FB00DC13B9 /* LJHComposeToolBar.h */,
				2D5642691A6CB2FB00DC13B9 /* LJHComposeToolBar.m */,
			);
			path = View;
			sourceTree = "<group>";
		};
		559CE99EEE52DB2E55F3E424 /* Pods */ = {
			isa = PBXGroup;
			children = (
				ED20194B8702B13DD13FE661 /* Pods.debug.xcconfig */,
				F77902A97DC304D3EF16BCC0 /* Pods.release.xcconfig */,
			);
			name = Pods;
			sourceTree = "<group>";
		};
/* End PBXGroup section */

/* Begin PBXNativeTarget section */
		2DE550631A5FF83B00DBCB15 /* LJHWeibo */ = {
			isa = PBXNativeTarget;
			buildConfigurationList = 2DE550901A5FF83C00DBCB15 /* Build configuration list for PBXNativeTarget "LJHWeibo" */;
			buildPhases = (
				7075F1BF074021B65B7C9082 /* Check Pods Manifest.lock */,
				2DE550601A5FF83B00DBCB15 /* Sources */,
				2DE550611A5FF83B00DBCB15 /* Frameworks */,
				2DE550621A5FF83B00DBCB15 /* Resources */,
				4E1F5E08038E0BC4EAF25978 /* Copy Pods Resources */,
			);
			buildRules = (
			);
			dependencies = (
			);
			name = LJHWeibo;
			productName = LJHWeibo;
			productReference = 2DE550641A5FF83B00DBCB15 /* LJHWeibo.app */;
			productType = "com.apple.product-type.application";
		};
		2DE5507E1A5FF83C00DBCB15 /* LJHWeiboTests */ = {
			isa = PBXNativeTarget;
			buildConfigurationList = 2DE550931A5FF83C00DBCB15 /* Build configuration list for PBXNativeTarget "LJHWeiboTests" */;
			buildPhases = (
				2DE5507B1A5FF83C00DBCB15 /* Sources */,
				2DE5507C1A5FF83C00DBCB15 /* Frameworks */,
				2DE5507D1A5FF83C00DBCB15 /* Resources */,
			);
			buildRules = (
			);
			dependencies = (
				2DE550851A5FF83C00DBCB15 /* PBXTargetDependency */,
			);
			name = LJHWeiboTests;
			productName = LJHWeiboTests;
			productReference = 2DE5507F1A5FF83C00DBCB15 /* LJHWeiboTests.xctest */;
			productType = "com.apple.product-type.bundle.unit-test";
		};
/* End PBXNativeTarget section */

/* Begin PBXProject section */
		2DE5505C1A5FF83B00DBCB15 /* Project object */ = {
			isa = PBXProject;
			attributes = {
				CLASSPREFIX = LJH;
				LastUpgradeCheck = 0510;
				ORGANIZATIONNAME = Apple;
				TargetAttributes = {
					2DE5507E1A5FF83C00DBCB15 = {
						TestTargetID = 2DE550631A5FF83B00DBCB15;
					};
				};
			};
			buildConfigurationList = 2DE5505F1A5FF83B00DBCB15 /* Build configuration list for PBXProject "LJHWeibo" */;
			compatibilityVersion = "Xcode 3.2";
			developmentRegion = English;
			hasScannedForEncodings = 0;
			knownRegions = (
				en,
			);
			mainGroup = 2DE5505B1A5FF83B00DBCB15;
			productRefGroup = 2DE550651A5FF83B00DBCB15 /* Products */;
			projectDirPath = "";
			projectRoot = "";
			targets = (
				2DE550631A5FF83B00DBCB15 /* LJHWeibo */,
				2DE5507E1A5FF83C00DBCB15 /* LJHWeiboTests */,
			);
		};
/* End PBXProject section */

/* Begin PBXResourcesBuildPhase section */
		2DE550621A5FF83B00DBCB15 /* Resources */ = {
			isa = PBXResourcesBuildPhase;
			buildActionMask = 2147483647;
			files = (
				2D28C3521A67B55D0038587F /* MJPhotoBrowser.bundle in Resources */,
				2DE550721A5FF83C00DBCB15 /* InfoPlist.strings in Resources */,
				2DFBC5961A6A540E0057943D /* MJRefresh.bundle in Resources */,
				2DE5507A1A5FF83C00DBCB15 /* Images.xcassets in Resources */,
			);
			runOnlyForDeploymentPostprocessing = 0;
		};
		2DE5507D1A5FF83C00DBCB15 /* Resources */ = {
			isa = PBXResourcesBuildPhase;
			buildActionMask = 2147483647;
			files = (
				2DE5508B1A5FF83C00DBCB15 /* InfoPlist.strings in Resources */,
			);
			runOnlyForDeploymentPostprocessing = 0;
		};
/* End PBXResourcesBuildPhase section */

/* Begin PBXShellScriptBuildPhase section */
		4E1F5E08038E0BC4EAF25978 /* Copy Pods Resources */ = {
			isa = PBXShellScriptBuildPhase;
			buildActionMask = 2147483647;
			files = (
			);
			inputPaths = (
			);
			name = "Copy Pods Resources";
			outputPaths = (
			);
			runOnlyForDeploymentPostprocessing = 0;
			shellPath = /bin/sh;
			shellScript = "\"${SRCROOT}/Pods/Target Support Files/Pods/Pods-resources.sh\"\n";
			showEnvVarsInLog = 0;
		};
		7075F1BF074021B65B7C9082 /* Check Pods Manifest.lock */ = {
			isa = PBXShellScriptBuildPhase;
			buildActionMask = 2147483647;
			files = (
			);
			inputPaths = (
			);
			name = "Check Pods Manifest.lock";
			outputPaths = (
			);
			runOnlyForDeploymentPostprocessing = 0;
			shellPath = /bin/sh;
			shellScript = "diff \"${PODS_ROOT}/../Podfile.lock\" \"${PODS_ROOT}/Manifest.lock\" > /dev/null\nif [[ $? != 0 ]] ; then\n    cat << EOM\nerror: The sandbox is not in sync with the Podfile.lock. Run 'pod install' or update your CocoaPods installation.\nEOM\n    exit 1\nfi\n";
			showEnvVarsInLog = 0;
		};
/* End PBXShellScriptBuildPhase section */

/* Begin PBXSourcesBuildPhase section */
		2DE550601A5FF83B00DBCB15 /* Sources */ = {
			isa = PBXSourcesBuildPhase;
			buildActionMask = 2147483647;
			files = (
				2D0EEE951A60E81800D2680D /* NSObject+MJMember.m in Sources */,
				2D28C3511A67B55D0038587F /* MJPhoto.m in Sources */,
				2D0EEE8F1A60E81800D2680D /* MJMember.m in Sources */,
				2D28C3551A67B55D0038587F /* MJPhotoProgressView.m in Sources */,
				2D4F66EF1A60176100A3D805 /* LJHTabBarButton.m in Sources */,
				2D0EEE8D1A60E81800D2680D /* MJArgument.m in Sources */,
				2D28C33D1A67AD8C0038587F /* LJHPhotoView.m in Sources */,
				2D0EEE771A60E7E400D2680D /* LJHUser.m in Sources */,
				2D0EEE911A60E81800D2680D /* MJType.m in Sources */,
				2D4F67061A604D7900A3D805 /* LJHOAuthViewController.m in Sources */,
				2D4F67091A604D8700A3D805 /* LJHAccount.m in Sources */,
				2D4F67001A60466A00A3D805 /* LJHTitleButton.m in Sources */,
				2D4F67031A604A1C00A3D805 /* LJHSearchBar.m in Sources */,
				2DD6AA881A6271D5001FF559 /* LJHStatusFrame.m in Sources */,
				2DFBC5A81A6C06A90057943D /* LJHTextView.m in Sources */,
				2D28C3541A67B55D0038587F /* MJPhotoLoadingView.m in Sources */,
				2D4F66DD1A6004FB00A3D805 /* LJHHomeViewController.m in Sources */,
				2D4F66E31A60052600A3D805 /* LJHDiscoverController.m in Sources */,
				2D0EEE941A60E81800D2680D /* NSObject+MJKeyValue.m in Sources */,
				2D9D32031A62BCCF00CCA7D5 /* LJHStatusToolBar.m in Sources */,
				2D4F67101A604DAF00A3D805 /* LJHWeiboTool.m in Sources */,
				2D0EEE901A60E81800D2680D /* MJMethod.m in Sources */,
				2D0EEE921A60E81800D2680D /* MJTypeEncoding.m in Sources */,
				2D023F121A641CCA00E4215B /* LJHPhoto.m in Sources */,
				2D0EEE931A60E81800D2680D /* NSObject+MJCoding.m in Sources */,
				2DFBC5981A6A540E0057943D /* MJRefreshConst.m in Sources */,
				2D0EEE8E1A60E81800D2680D /* MJIvar.m in Sources */,
				2D28C3561A67B55D0038587F /* MJPhotoToolbar.m in Sources */,
				2D4F66E91A600F5200A3D805 /* UIImage+LJH.m in Sources */,
				2D28C3531A67B55D0038587F /* MJPhotoBrowser.m in Sources */,
				2D4F670D1A604DA400A3D805 /* LJHAccountTool.m in Sources */,
				2DE550BA1A5FFA2100DBCB15 /* main.m in Sources */,
				2DFBC59D1A6A540E0057943D /* UIView+MJExtension.m in Sources */,
				2DFBC5A51A6C04180057943D /* LJHComposeViewController.m in Sources */,
				2D4F66F91A603DBE00A3D805 /* LJHNavigationController.m in Sources */,
				2DFBC59C1A6A540E0057943D /* UIScrollView+MJRefresh.m in Sources */,
				2DFBC5971A6A540E0057943D /* MJRefreshBaseView.m in Sources */,
				2D023F0C1A64112600E4215B /* LJHReweetStatusView.m in Sources */,
				2D4F66EC1A6011DD00A3D805 /* LJHTabBar.m in Sources */,
				2D56426A1A6CB2FB00DC13B9 /* LJHComposeToolBar.m in Sources */,
				2D4F66FD1A60457300A3D805 /* UIBarButtonItem+LJH.m in Sources */,
				2D4F66F21A601E9E00A3D805 /* LJHBadgeButton.m in Sources */,
				2DE550B91A5FFA2100DBCB15 /* LJHAppDelegate.m in Sources */,
				2D0EEE741A60E7DB00D2680D /* LJHStatus.m in Sources */,
				2DE550BD1A60041400DBCB15 /* LJHTabBarController.m in Sources */,
				2D28C3581A67B55D0038587F /* SDWebImageManager+MJ.m in Sources */,
				2D4F66E61A60053600A3D805 /* LJHMeViewController.m in Sources */,
				2DFBC5991A6A540E0057943D /* MJRefreshFooterView.m in Sources */,
				2D4F66E01A60051300A3D805 /* LJHMessageViewController.m in Sources */,
				2DFBC59B1A6A540E0057943D /* UIScrollView+MJExtension.m in Sources */,
				2D28C3571A67B55D0038587F /* MJPhotoView.m in Sources */,
				2D4F66F51A60392B00A3D805 /* TextSizeTool.m in Sources */,
				2D9D32001A62B1E700CCA7D5 /* NSDate+LJH.m in Sources */,
				2D4F67131A604E4A00A3D805 /* LJHNewFeatureController.m in Sources */,
				2D28C3401A67ADBE0038587F /* LJHPhotosView.m in Sources */,
				2D0C87441A61188A00725FC9 /* LJHStatusCell.m in Sources */,
				2DFBC59A1A6A540E0057943D /* MJRefreshHeaderView.m in Sources */,
				2D023F0F1A64159800E4215B /* LJHStatusTopView.m in Sources */,
			);
			runOnlyForDeploymentPostprocessing = 0;
		};
		2DE5507B1A5FF83C00DBCB15 /* Sources */ = {
			isa = PBXSourcesBuildPhase;
			buildActionMask = 2147483647;
			files = (
				2DE5508D1A5FF83C00DBCB15 /* LJHWeiboTests.m in Sources */,
			);
			runOnlyForDeploymentPostprocessing = 0;
		};
/* End PBXSourcesBuildPhase section */

/* Begin PBXTargetDependency section */
		2DE550851A5FF83C00DBCB15 /* PBXTargetDependency */ = {
			isa = PBXTargetDependency;
			target = 2DE550631A5FF83B00DBCB15 /* LJHWeibo */;
			targetProxy = 2DE550841A5FF83C00DBCB15 /* PBXContainerItemProxy */;
		};
/* End PBXTargetDependency section */

/* Begin PBXVariantGroup section */
		2DE550701A5FF83C00DBCB15 /* InfoPlist.strings */ = {
			isa = PBXVariantGroup;
			children = (
				2DE550711A5FF83C00DBCB15 /* en */,
			);
			name = InfoPlist.strings;
			sourceTree = "<group>";
		};
		2DE550891A5FF83C00DBCB15 /* InfoPlist.strings */ = {
			isa = PBXVariantGroup;
			children = (
				2DE5508A1A5FF83C00DBCB15 /* en */,
			);
			name = InfoPlist.strings;
			sourceTree = "<group>";
		};
/* End PBXVariantGroup section */

/* Begin XCBuildConfiguration section */
		2DE5508E1A5FF83C00DBCB15 /* Debug */ = {
			isa = XCBuildConfiguration;
			buildSettings = {
				ALWAYS_SEARCH_USER_PATHS = NO;
				CLANG_CXX_LANGUAGE_STANDARD = "gnu++0x";
				CLANG_CXX_LIBRARY = "libc++";
				CLANG_ENABLE_MODULES = YES;
				CLANG_ENABLE_OBJC_ARC = YES;
				CLANG_WARN_BOOL_CONVERSION = YES;
				CLANG_WARN_CONSTANT_CONVERSION = YES;
				CLANG_WARN_DIRECT_OBJC_ISA_USAGE = YES_ERROR;
				CLANG_WARN_EMPTY_BODY = YES;
				CLANG_WARN_ENUM_CONVERSION = YES;
				CLANG_WARN_INT_CONVERSION = YES;
				CLANG_WARN_OBJC_ROOT_CLASS = YES_ERROR;
				CLANG_WARN__DUPLICATE_METHOD_MATCH = YES;
				"CODE_SIGN_IDENTITY[sdk=iphoneos*]" = "iPhone Developer";
				COPY_PHASE_STRIP = NO;
				GCC_C_LANGUAGE_STANDARD = gnu99;
				GCC_DYNAMIC_NO_PIC = NO;
				GCC_OPTIMIZATION_LEVEL = 0;
				GCC_PREPROCESSOR_DEFINITIONS = (
					"DEBUG=1",
					"$(inherited)",
				);
				GCC_SYMBOLS_PRIVATE_EXTERN = NO;
				GCC_WARN_64_TO_32_BIT_CONVERSION = YES;
				GCC_WARN_ABOUT_RETURN_TYPE = YES_ERROR;
				GCC_WARN_UNDECLARED_SELECTOR = YES;
				GCC_WARN_UNINITIALIZED_AUTOS = YES_AGGRESSIVE;
				GCC_WARN_UNUSED_FUNCTION = YES;
				GCC_WARN_UNUSED_VARIABLE = YES;
				IPHONEOS_DEPLOYMENT_TARGET = 7.1;
				ONLY_ACTIVE_ARCH = YES;
				SDKROOT = iphoneos;
			};
			name = Debug;
		};
		2DE5508F1A5FF83C00DBCB15 /* Release */ = {
			isa = XCBuildConfiguration;
			buildSettings = {
				ALWAYS_SEARCH_USER_PATHS = NO;
				CLANG_CXX_LANGUAGE_STANDARD = "gnu++0x";
				CLANG_CXX_LIBRARY = "libc++";
				CLANG_ENABLE_MODULES = YES;
				CLANG_ENABLE_OBJC_ARC = YES;
				CLANG_WARN_BOOL_CONVERSION = YES;
				CLANG_WARN_CONSTANT_CONVERSION = YES;
				CLANG_WARN_DIRECT_OBJC_ISA_USAGE = YES_ERROR;
				CLANG_WARN_EMPTY_BODY = YES;
				CLANG_WARN_ENUM_CONVERSION = YES;
				CLANG_WARN_INT_CONVERSION = YES;
				CLANG_WARN_OBJC_ROOT_CLASS = YES_ERROR;
				CLANG_WARN__DUPLICATE_METHOD_MATCH = YES;
				"CODE_SIGN_IDENTITY[sdk=iphoneos*]" = "iPhone Developer";
				COPY_PHASE_STRIP = YES;
				ENABLE_NS_ASSERTIONS = NO;
				GCC_C_LANGUAGE_STANDARD = gnu99;
				GCC_WARN_64_TO_32_BIT_CONVERSION = YES;
				GCC_WARN_ABOUT_RETURN_TYPE = YES_ERROR;
				GCC_WARN_UNDECLARED_SELECTOR = YES;
				GCC_WARN_UNINITIALIZED_AUTOS = YES_AGGRESSIVE;
				GCC_WARN_UNUSED_FUNCTION = YES;
				GCC_WARN_UNUSED_VARIABLE = YES;
				IPHONEOS_DEPLOYMENT_TARGET = 7.1;
				SDKROOT = iphoneos;
				VALIDATE_PRODUCT = YES;
			};
			name = Release;
		};
		2DE550911A5FF83C00DBCB15 /* Debug */ = {
			isa = XCBuildConfiguration;
			baseConfigurationReference = ED20194B8702B13DD13FE661 /* Pods.debug.xcconfig */;
			buildSettings = {
				ASSETCATALOG_COMPILER_APPICON_NAME = AppIcon;
				ASSETCATALOG_COMPILER_LAUNCHIMAGE_NAME = LaunchImage;
				GCC_PRECOMPILE_PREFIX_HEADER = YES;
				GCC_PREFIX_HEADER = "LJHWeibo/Class/Other(其他)/LJHWeibo-Prefix.pch";
				INFOPLIST_FILE = "LJHWeibo/LJHWeibo-Info.plist";
				PRODUCT_NAME = "$(TARGET_NAME)";
				WRAPPER_EXTENSION = app;
			};
			name = Debug;
		};
		2DE550921A5FF83C00DBCB15 /* Release */ = {
			isa = XCBuildConfiguration;
			baseConfigurationReference = F77902A97DC304D3EF16BCC0 /* Pods.release.xcconfig */;
			buildSettings = {
				ASSETCATALOG_COMPILER_APPICON_NAME = AppIcon;
				ASSETCATALOG_COMPILER_LAUNCHIMAGE_NAME = LaunchImage;
				GCC_PRECOMPILE_PREFIX_HEADER = YES;
				GCC_PREFIX_HEADER = "LJHWeibo/Class/Other(其他)/LJHWeibo-Prefix.pch";
				INFOPLIST_FILE = "LJHWeibo/LJHWeibo-Info.plist";
				PRODUCT_NAME = "$(TARGET_NAME)";
				WRAPPER_EXTENSION = app;
			};
			name = Release;
		};
		2DE550941A5FF83C00DBCB15 /* Debug */ = {
			isa = XCBuildConfiguration;
			buildSettings = {
				BUNDLE_LOADER = "$(BUILT_PRODUCTS_DIR)/LJHWeibo.app/LJHWeibo";
				FRAMEWORK_SEARCH_PATHS = (
					"$(SDKROOT)/Developer/Library/Frameworks",
					"$(inherited)",
					"$(DEVELOPER_FRAMEWORKS_DIR)",
				);
				GCC_PRECOMPILE_PREFIX_HEADER = YES;
				GCC_PREFIX_HEADER = "LJHWeibo/LJHWeibo-Prefix.pch";
				GCC_PREPROCESSOR_DEFINITIONS = (
					"DEBUG=1",
					"$(inherited)",
				);
				INFOPLIST_FILE = "LJHWeiboTests/LJHWeiboTests-Info.plist";
				PRODUCT_NAME = "$(TARGET_NAME)";
				TEST_HOST = "$(BUNDLE_LOADER)";
				WRAPPER_EXTENSION = xctest;
			};
			name = Debug;
		};
		2DE550951A5FF83C00DBCB15 /* Release */ = {
			isa = XCBuildConfiguration;
			buildSettings = {
				BUNDLE_LOADER = "$(BUILT_PRODUCTS_DIR)/LJHWeibo.app/LJHWeibo";
				FRAMEWORK_SEARCH_PATHS = (
					"$(SDKROOT)/Developer/Library/Frameworks",
					"$(inherited)",
					"$(DEVELOPER_FRAMEWORKS_DIR)",
				);
				GCC_PRECOMPILE_PREFIX_HEADER = YES;
				GCC_PREFIX_HEADER = "LJHWeibo/LJHWeibo-Prefix.pch";
				INFOPLIST_FILE = "LJHWeiboTests/LJHWeiboTests-Info.plist";
				PRODUCT_NAME = "$(TARGET_NAME)";
				TEST_HOST = "$(BUNDLE_LOADER)";
				WRAPPER_EXTENSION = xctest;
			};
			name = Release;
		};
/* End XCBuildConfiguration section */

/* Begin XCConfigurationList section */
		2DE5505F1A5FF83B00DBCB15 /* Build configuration list for PBXProject "LJHWeibo" */ = {
			isa = XCConfigurationList;
			buildConfigurations = (
				2DE5508E1A5FF83C00DBCB15 /* Debug */,
				2DE5508F1A5FF83C00DBCB15 /* Release */,
			);
			defaultConfigurationIsVisible = 0;
			defaultConfigurationName = Release;
		};
		2DE550901A5FF83C00DBCB15 /* Build configuration list for PBXNativeTarget "LJHWeibo" */ = {
			isa = XCConfigurationList;
			buildConfigurations = (
				2DE550911A5FF83C00DBCB15 /* Debug */,
				2DE550921A5FF83C00DBCB15 /* Release */,
			);
			defaultConfigurationIsVisible = 0;
			defaultConfigurationName = Release;
		};
		2DE550931A5FF83C00DBCB15 /* Build configuration list for PBXNativeTarget "LJHWeiboTests" */ = {
			isa = XCConfigurationList;
			buildConfigurations = (
				2DE550941A5FF83C00DBCB15 /* Debug */,
				2DE550951A5FF83C00DBCB15 /* Release */,
			);
			defaultConfigurationIsVisible = 0;
			defaultConfigurationName = Release;
		};
/* End XCConfigurationList section */
	};
	rootObject = 2DE5505C1A5FF83B00DBCB15 /* Project object */;
}
